# This file is automatically @generated by Cargo.
# It is not intended for manual editing.
version = 3

[[package]]
name = "analyzer"
version = "0.1.0"

[[package]]
name = "database"
version = "0.1.0"

[[package]]
name = "logger"
version = "0.1.0"

[[package]]
name = "metrics"
version = "0.1.0"

[[package]]
name = "ranker"
version = "0.1.0"

[[package]]
name = "security"
version = "0.1.0"

[[package]]
name = "telegram-bot"
version = "0.1.0"

[[package]]
name = "tokenscout"
version = "0.1.0"
